<?xml version="1.0" encoding="utf-8"?>
<Project ToolsVersion="17.0" xmlns="http://schemas.microsoft.com/developer/msbuild/2003">
  <ItemGroup>
    <ClCompile Include="C:\Users\kamro\Desktop\cg_project_1\cg_project_1\source\main.cpp">
      <Filter>Source Files</Filter>
    </ClCompile>
    <ClCompile Include="C:\Users\kamro\Desktop\cg_project_1\cg_project_1\source\meshObject.cpp">
      <Filter>Source Files</Filter>
    </ClCompile>
    <ClCompile Include="C:\Users\kamro\Desktop\cg_project_1\cg_project_1\source\gridObject.cpp">
      <Filter>Source Files</Filter>
    </ClCompile>
    <ClCompile Include="C:\Users\kamro\Desktop\cg_project_1\cg_project_1\common\shader.cpp">
      <Filter>common</Filter>
    </ClCompile>
    <ClCompile Include="C:\Users\kamro\Desktop\cg_project_1\cg_project_1\common\controls.cpp">
      <Filter>common</Filter>
    </ClCompile>
    <ClCompile Include="C:\Users\kamro\Desktop\cg_project_1\cg_project_1\common\texture.cpp">
      <Filter>common</Filter>
    </ClCompile>
    <ClCompile Include="C:\Users\kamro\Desktop\cg_project_1\cg_project_1\common\objloader.cpp">
      <Filter>common</Filter>
    </ClCompile>
    <ClCompile Include="C:\Users\kamro\Desktop\cg_project_1\cg_project_1\common\vboindexer.cpp">
      <Filter>common</Filter>
    </ClCompile>
  </ItemGroup>
  <ItemGroup>
    <ClInclude Include="C:\Users\kamro\Desktop\cg_project_1\cg_project_1\source\meshObject.hpp">
      <Filter>Header Files</Filter>
    </ClInclude>
    <ClInclude Include="C:\Users\kamro\Desktop\cg_project_1\cg_project_1\source\gridObject.hpp">
      <Filter>Header Files</Filter>
    </ClInclude>
    <ClInclude Include="C:\Users\kamro\Desktop\cg_project_1\cg_project_1\common\shader.hpp">
      <Filter>common</Filter>
    </ClInclude>
    <ClInclude Include="C:\Users\kamro\Desktop\cg_project_1\cg_project_1\common\controls.hpp">
      <Filter>common</Filter>
    </ClInclude>
    <ClInclude Include="C:\Users\kamro\Desktop\cg_project_1\cg_project_1\common\texture.hpp">
      <Filter>common</Filter>
    </ClInclude>
    <ClInclude Include="C:\Users\kamro\Desktop\cg_project_1\cg_project_1\common\objloader.hpp">
      <Filter>common</Filter>
    </ClInclude>
    <ClInclude Include="C:\Users\kamro\Desktop\cg_project_1\cg_project_1\common\vboindexer.hpp">
      <Filter>common</Filter>
    </ClInclude>
    <ClInclude Include="..\source\camera.hpp">
      <Filter>Header Files</Filter>
    </ClInclude>
  </ItemGroup>
  <ItemGroup>
    <CustomBuild Include="C:\Users\kamro\Desktop\cg_project_1\cg_project_1\CMakeLists.txt" />
  </ItemGroup>
  <ItemGroup>
    <None Include="C:\Users\kamro\Desktop\cg_project_1\cg_project_1\source\meshVertexShader.glsl" />
    <None Include="C:\Users\kamro\Desktop\cg_project_1\cg_project_1\source\meshFragmentShader.glsl" />
    <None Include="C:\Users\kamro\Desktop\cg_project_1\cg_project_1\source\gridVertexShader.glsl" />
    <None Include="C:\Users\kamro\Desktop\cg_project_1\cg_project_1\source\gridFragmentShader.glsl" />
    <None Include="C:\Users\kamro\Desktop\cg_project_1\cg_project_1\source\pickingVertexShader.glsl" />
    <None Include="C:\Users\kamro\Desktop\cg_project_1\cg_project_1\source\pickingFragmentShader.glsl" />
  </ItemGroup>
  <ItemGroup>
    <Filter Include="Header Files">
      <UniqueIdentifier>{B75E2F10-11D3-3F5B-BB2F-8C3E1A08F50F}</UniqueIdentifier>
    </Filter>
    <Filter Include="Source Files">
      <UniqueIdentifier>{03A71FA6-09A5-3560-A27D-41E69A619D22}</UniqueIdentifier>
    </Filter>
    <Filter Include="common">
      <UniqueIdentifier>{C949C1D8-FB00-32F0-8262-8349B3EC17E3}</UniqueIdentifier>
    </Filter>
  </ItemGroup>
</Project>